
Microsoft Visual Studio Solution File, Format Version 12.00
# Visual Studio Version 16
VisualStudioVersion = 16.0.29306.81
MinimumVisualStudioVersion = 10.0.40219.1
Project("{FAE04EC0-301F-11D3-BF4B-00C04F79EFBC}") = "Ficheiro0", "Ficheiro0\Ficheiro0.csproj", "{3BE02C3B-C381-40E0-B15E-AD7DDA64E6C2}"
EndProject
Global
	GlobalSection(SolutionConfigurationPlatforms) = preSolution
		Debug|Any CPU = Debug|Any CPU
		Release|Any CPU = Release|Any CPU
	EndGlobalSection
	GlobalSection(ProjectConfigurationPlatforms) = postSolution
		{3BE02C3B-C381-40E0-B15E-AD7DDA64E6C2}.Debug|Any CPU.ActiveCfg = Debug|Any CPU
		{3BE02C3B-C381-40E0-B15E-AD7DDA64E6C2}.Debug|Any CPU.Build.0 = Debug|Any CPU
		{3BE02C3B-C381-40E0-B15E-AD7DDA64E6C2}.Release|Any CPU.ActiveCfg = Release|Any CPU
		{3BE02C3B-C381-40E0-B15E-AD7DDA64E6C2}.Release|Any CPU.Build.0 = Release|Any CPU
	EndGlobalSection
	GlobalSection(SolutionProperties) = preSolution
		HideSolutionNode = FALSE
	EndGlobalSection
	GlobalSection(ExtensibilityGlobals) = postSolution
		SolutionGuid = {F58E4F3D-ED18-4234-B2B8-56A9822AAFE8}
	EndGlobalSection
EndGlobal
